
Microsoft Visual Studio Solution File, Format Version 12.00
# Visual Studio 15
VisualStudioVersion = 15.0.26730.3
MinimumVisualStudioVersion = 10.0.40219.1
Project("{9A19103F-16F7-4668-BE54-9A1E7A4F7556}") = "GM.Common", "GM.Common\GM.Common.csproj", "{973E51B3-C0F1-4939-A182-BD5E14CEEC82}"
EndProject
Project("{9A19103F-16F7-4668-BE54-9A1E7A4F7556}") = "GM.XUnit", "GM.XUnit\GM.XUnit.csproj", "{976D297A-8953-4490-A226-2E642909C31B}"
EndProject
Project("{2150E333-8FDC-42A3-9474-1A3956D46DE8}") = "test", "test", "{E90D6B3E-EA79-4924-9657-85EEA8BF443B}"
EndProject
Project("{2150E333-8FDC-42A3-9474-1A3956D46DE8}") = "src", "src", "{52AB06EE-35C2-4D1B-BEC1-5CDBA98F2B9F}"
EndProject
Project("{2150E333-8FDC-42A3-9474-1A3956D46DE8}") = "demo", "demo", "{CA264F14-A89B-4091-945C-4CC4660248B2}"
EndProject
Project("{9A19103F-16F7-4668-BE54-9A1E7A4F7556}") = "GM.DAL", "GM.DAL\GM.DAL.csproj", "{CD283168-8C2A-47C0-8AD1-5CADAFB634BE}"
EndProject
Project("{9A19103F-16F7-4668-BE54-9A1E7A4F7556}") = "GM.BLL", "GM.BLL\GM.BLL.csproj", "{83EC17BC-BE25-4D4C-B6F7-A8791EA620B5}"
EndProject
Project("{FAE04EC0-301F-11D3-BF4B-00C04F79EFBC}") = "GM.App", "GM.App\GM.App.csproj", "{0EEE5197-FEC2-482D-9830-CC097F318340}"
EndProject
Project("{FAE04EC0-301F-11D3-BF4B-00C04F79EFBC}") = "GM.Api", "GM.Api\GM.Api.csproj", "{6647BFA8-0454-4277-975B-15B1E970ABDD}"
EndProject
Global
	GlobalSection(SolutionConfigurationPlatforms) = preSolution
		Debug|Any CPU = Debug|Any CPU
		Release|Any CPU = Release|Any CPU
	EndGlobalSection
	GlobalSection(ProjectConfigurationPlatforms) = postSolution
		{973E51B3-C0F1-4939-A182-BD5E14CEEC82}.Debug|Any CPU.ActiveCfg = Debug|Any CPU
		{973E51B3-C0F1-4939-A182-BD5E14CEEC82}.Debug|Any CPU.Build.0 = Debug|Any CPU
		{973E51B3-C0F1-4939-A182-BD5E14CEEC82}.Release|Any CPU.ActiveCfg = Release|Any CPU
		{973E51B3-C0F1-4939-A182-BD5E14CEEC82}.Release|Any CPU.Build.0 = Release|Any CPU
		{976D297A-8953-4490-A226-2E642909C31B}.Debug|Any CPU.ActiveCfg = Debug|Any CPU
		{976D297A-8953-4490-A226-2E642909C31B}.Debug|Any CPU.Build.0 = Debug|Any CPU
		{976D297A-8953-4490-A226-2E642909C31B}.Release|Any CPU.ActiveCfg = Release|Any CPU
		{976D297A-8953-4490-A226-2E642909C31B}.Release|Any CPU.Build.0 = Release|Any CPU
		{CD283168-8C2A-47C0-8AD1-5CADAFB634BE}.Debug|Any CPU.ActiveCfg = Debug|Any CPU
		{CD283168-8C2A-47C0-8AD1-5CADAFB634BE}.Debug|Any CPU.Build.0 = Debug|Any CPU
		{CD283168-8C2A-47C0-8AD1-5CADAFB634BE}.Release|Any CPU.ActiveCfg = Release|Any CPU
		{CD283168-8C2A-47C0-8AD1-5CADAFB634BE}.Release|Any CPU.Build.0 = Release|Any CPU
		{83EC17BC-BE25-4D4C-B6F7-A8791EA620B5}.Debug|Any CPU.ActiveCfg = Debug|Any CPU
		{83EC17BC-BE25-4D4C-B6F7-A8791EA620B5}.Debug|Any CPU.Build.0 = Debug|Any CPU
		{83EC17BC-BE25-4D4C-B6F7-A8791EA620B5}.Release|Any CPU.ActiveCfg = Release|Any CPU
		{83EC17BC-BE25-4D4C-B6F7-A8791EA620B5}.Release|Any CPU.Build.0 = Release|Any CPU
		{0EEE5197-FEC2-482D-9830-CC097F318340}.Debug|Any CPU.ActiveCfg = Debug|Any CPU
		{0EEE5197-FEC2-482D-9830-CC097F318340}.Debug|Any CPU.Build.0 = Debug|Any CPU
		{0EEE5197-FEC2-482D-9830-CC097F318340}.Release|Any CPU.ActiveCfg = Release|Any CPU
		{0EEE5197-FEC2-482D-9830-CC097F318340}.Release|Any CPU.Build.0 = Release|Any CPU
		{6647BFA8-0454-4277-975B-15B1E970ABDD}.Debug|Any CPU.ActiveCfg = Debug|Any CPU
		{6647BFA8-0454-4277-975B-15B1E970ABDD}.Debug|Any CPU.Build.0 = Debug|Any CPU
		{6647BFA8-0454-4277-975B-15B1E970ABDD}.Release|Any CPU.ActiveCfg = Release|Any CPU
		{6647BFA8-0454-4277-975B-15B1E970ABDD}.Release|Any CPU.Build.0 = Release|Any CPU
	EndGlobalSection
	GlobalSection(SolutionProperties) = preSolution
		HideSolutionNode = FALSE
	EndGlobalSection
	GlobalSection(NestedProjects) = preSolution
		{973E51B3-C0F1-4939-A182-BD5E14CEEC82} = {52AB06EE-35C2-4D1B-BEC1-5CDBA98F2B9F}
		{976D297A-8953-4490-A226-2E642909C31B} = {E90D6B3E-EA79-4924-9657-85EEA8BF443B}
		{CD283168-8C2A-47C0-8AD1-5CADAFB634BE} = {52AB06EE-35C2-4D1B-BEC1-5CDBA98F2B9F}
		{83EC17BC-BE25-4D4C-B6F7-A8791EA620B5} = {52AB06EE-35C2-4D1B-BEC1-5CDBA98F2B9F}
		{0EEE5197-FEC2-482D-9830-CC097F318340} = {CA264F14-A89B-4091-945C-4CC4660248B2}
		{6647BFA8-0454-4277-975B-15B1E970ABDD} = {CA264F14-A89B-4091-945C-4CC4660248B2}
	EndGlobalSection
	GlobalSection(ExtensibilityGlobals) = postSolution
		SolutionGuid = {4DDA6456-E799-48BE-B29D-4DA41E2A1859}
	EndGlobalSection
EndGlobal
