
Microsoft Visual Studio Solution File, Format Version 12.00
# Visual Studio 15
VisualStudioVersion = 15.0.26730.3
MinimumVisualStudioVersion = 10.0.40219.1
Project("{9A19103F-16F7-4668-BE54-9A1E7A4F7556}") = "GM.Common", "GM.Common\GM.Common.csproj", "{973E51B3-C0F1-4939-A182-BD5E14CEEC82}"
EndProject
Project("{9A19103F-16F7-4668-BE54-9A1E7A4F7556}") = "GM.Api", "GM.Api\GM.Api.csproj", "{707B4B4C-8B12-4F9F-8C33-31E7228EAD47}"
EndProject
Project("{9A19103F-16F7-4668-BE54-9A1E7A4F7556}") = "GM.XUnit", "GM.XUnit\GM.XUnit.csproj", "{976D297A-8953-4490-A226-2E642909C31B}"
EndProject
Project("{2150E333-8FDC-42A3-9474-1A3956D46DE8}") = "tests", "tests", "{E90D6B3E-EA79-4924-9657-85EEA8BF443B}"
EndProject
Project("{2150E333-8FDC-42A3-9474-1A3956D46DE8}") = "examples", "examples", "{CACFCB0F-8B4A-4609-B8DC-1D66445D1028}"
EndProject
Project("{2150E333-8FDC-42A3-9474-1A3956D46DE8}") = "src", "src", "{52AB06EE-35C2-4D1B-BEC1-5CDBA98F2B9F}"
EndProject
Project("{2150E333-8FDC-42A3-9474-1A3956D46DE8}") = "rest", "rest", "{CA264F14-A89B-4091-945C-4CC4660248B2}"
EndProject
Project("{9A19103F-16F7-4668-BE54-9A1E7A4F7556}") = "GM.DAL", "GM.DAL\GM.DAL.csproj", "{CD283168-8C2A-47C0-8AD1-5CADAFB634BE}"
EndProject
Project("{9A19103F-16F7-4668-BE54-9A1E7A4F7556}") = "GM.BLL", "GM.BLL\GM.BLL.csproj", "{83EC17BC-BE25-4D4C-B6F7-A8791EA620B5}"
EndProject
Project("{FAE04EC0-301F-11D3-BF4B-00C04F79EFBC}") = "GM.App", "GM.App\GM.App.csproj", "{32B1821B-DD96-4D9E-8A44-A725363AAFBA}"
EndProject
Global
	GlobalSection(SolutionConfigurationPlatforms) = preSolution
		Debug|Any CPU = Debug|Any CPU
		Release|Any CPU = Release|Any CPU
	EndGlobalSection
	GlobalSection(ProjectConfigurationPlatforms) = postSolution
		{973E51B3-C0F1-4939-A182-BD5E14CEEC82}.Debug|Any CPU.ActiveCfg = Debug|Any CPU
		{973E51B3-C0F1-4939-A182-BD5E14CEEC82}.Debug|Any CPU.Build.0 = Debug|Any CPU
		{973E51B3-C0F1-4939-A182-BD5E14CEEC82}.Release|Any CPU.ActiveCfg = Release|Any CPU
		{973E51B3-C0F1-4939-A182-BD5E14CEEC82}.Release|Any CPU.Build.0 = Release|Any CPU
		{707B4B4C-8B12-4F9F-8C33-31E7228EAD47}.Debug|Any CPU.ActiveCfg = Debug|Any CPU
		{707B4B4C-8B12-4F9F-8C33-31E7228EAD47}.Debug|Any CPU.Build.0 = Debug|Any CPU
		{707B4B4C-8B12-4F9F-8C33-31E7228EAD47}.Release|Any CPU.ActiveCfg = Release|Any CPU
		{707B4B4C-8B12-4F9F-8C33-31E7228EAD47}.Release|Any CPU.Build.0 = Release|Any CPU
		{976D297A-8953-4490-A226-2E642909C31B}.Debug|Any CPU.ActiveCfg = Debug|Any CPU
		{976D297A-8953-4490-A226-2E642909C31B}.Debug|Any CPU.Build.0 = Debug|Any CPU
		{976D297A-8953-4490-A226-2E642909C31B}.Release|Any CPU.ActiveCfg = Release|Any CPU
		{976D297A-8953-4490-A226-2E642909C31B}.Release|Any CPU.Build.0 = Release|Any CPU
		{CD283168-8C2A-47C0-8AD1-5CADAFB634BE}.Debug|Any CPU.ActiveCfg = Debug|Any CPU
		{CD283168-8C2A-47C0-8AD1-5CADAFB634BE}.Debug|Any CPU.Build.0 = Debug|Any CPU
		{CD283168-8C2A-47C0-8AD1-5CADAFB634BE}.Release|Any CPU.ActiveCfg = Release|Any CPU
		{CD283168-8C2A-47C0-8AD1-5CADAFB634BE}.Release|Any CPU.Build.0 = Release|Any CPU
		{83EC17BC-BE25-4D4C-B6F7-A8791EA620B5}.Debug|Any CPU.ActiveCfg = Debug|Any CPU
		{83EC17BC-BE25-4D4C-B6F7-A8791EA620B5}.Debug|Any CPU.Build.0 = Debug|Any CPU
		{83EC17BC-BE25-4D4C-B6F7-A8791EA620B5}.Release|Any CPU.ActiveCfg = Release|Any CPU
		{83EC17BC-BE25-4D4C-B6F7-A8791EA620B5}.Release|Any CPU.Build.0 = Release|Any CPU
		{32B1821B-DD96-4D9E-8A44-A725363AAFBA}.Debug|Any CPU.ActiveCfg = Debug|Any CPU
		{32B1821B-DD96-4D9E-8A44-A725363AAFBA}.Debug|Any CPU.Build.0 = Debug|Any CPU
		{32B1821B-DD96-4D9E-8A44-A725363AAFBA}.Release|Any CPU.ActiveCfg = Release|Any CPU
		{32B1821B-DD96-4D9E-8A44-A725363AAFBA}.Release|Any CPU.Build.0 = Release|Any CPU
	EndGlobalSection
	GlobalSection(SolutionProperties) = preSolution
		HideSolutionNode = FALSE
	EndGlobalSection
	GlobalSection(NestedProjects) = preSolution
		{973E51B3-C0F1-4939-A182-BD5E14CEEC82} = {52AB06EE-35C2-4D1B-BEC1-5CDBA98F2B9F}
		{707B4B4C-8B12-4F9F-8C33-31E7228EAD47} = {CA264F14-A89B-4091-945C-4CC4660248B2}
		{976D297A-8953-4490-A226-2E642909C31B} = {E90D6B3E-EA79-4924-9657-85EEA8BF443B}
		{CD283168-8C2A-47C0-8AD1-5CADAFB634BE} = {52AB06EE-35C2-4D1B-BEC1-5CDBA98F2B9F}
		{83EC17BC-BE25-4D4C-B6F7-A8791EA620B5} = {52AB06EE-35C2-4D1B-BEC1-5CDBA98F2B9F}
		{32B1821B-DD96-4D9E-8A44-A725363AAFBA} = {CACFCB0F-8B4A-4609-B8DC-1D66445D1028}
	EndGlobalSection
	GlobalSection(ExtensibilityGlobals) = postSolution
		SolutionGuid = {4DDA6456-E799-48BE-B29D-4DA41E2A1859}
	EndGlobalSection
EndGlobal
